
Microsoft Visual Studio Solution File, Format Version 12.00
# Visual Studio Version 16
VisualStudioVersion = 16.0.31105.61
MinimumVisualStudioVersion = 10.0.40219.1
Project("{FAE04EC0-301F-11D3-BF4B-00C04F79EFBC}") = "FixThoseLights", "FixThoseLights.csproj", "{E88B1FBB-FE3A-4DB7-BD67-D7393BD2E264}"
EndProject
Global
	GlobalSection(SolutionConfigurationPlatforms) = preSolution
		Debug|Any CPU = Debug|Any CPU
		Release|Any CPU = Release|Any CPU
	EndGlobalSection
	GlobalSection(ProjectConfigurationPlatforms) = postSolution
		{E88B1FBB-FE3A-4DB7-BD67-D7393BD2E264}.Debug|Any CPU.ActiveCfg = Debug|Any CPU
		{E88B1FBB-FE3A-4DB7-BD67-D7393BD2E264}.Debug|Any CPU.Build.0 = Debug|Any CPU
		{E88B1FBB-FE3A-4DB7-BD67-D7393BD2E264}.Release|Any CPU.ActiveCfg = Release|Any CPU
		{E88B1FBB-FE3A-4DB7-BD67-D7393BD2E264}.Release|Any CPU.Build.0 = Release|Any CPU
	EndGlobalSection
	GlobalSection(SolutionProperties) = preSolution
		HideSolutionNode = FALSE
	EndGlobalSection
	GlobalSection(ExtensibilityGlobals) = postSolution
		SolutionGuid = {D10C97BA-2EB9-4EDB-83C3-AEF6102A6AF6}
	EndGlobalSection
EndGlobal
